
Microsoft Visual Studio Solution File, Format Version 12.00
# Visual Studio Version 16
VisualStudioVersion = 16.0.31729.503
MinimumVisualStudioVersion = 10.0.40219.1
Project("{FAE04EC0-301F-11D3-BF4B-00C04F79EFBC}") = "RESS.MVC", "RESS.MVC\RESS.MVC.csproj", "{F9F5B376-AEA5-4191-937F-B32A0DF4C9CA}"
EndProject
Project("{FAE04EC0-301F-11D3-BF4B-00C04F79EFBC}") = "RESS.MVC.Tests", "RESS.MVC.Tests\RESS.MVC.Tests.csproj", "{D3585325-1DA0-449E-9A6B-89922A0513C8}"
EndProject
Project("{FAE04EC0-301F-11D3-BF4B-00C04F79EFBC}") = "RESS.Data", "RESS.Data\RESS.Data.csproj", "{9B4455DF-22DE-4454-B86E-A34CD453B1CA}"
EndProject
Project("{FAE04EC0-301F-11D3-BF4B-00C04F79EFBC}") = "RESS.Models", "RESS.Models\RESS.Models.csproj", "{A877A4A0-C852-4391-BB82-F598F6F0D721}"
EndProject
Project("{FAE04EC0-301F-11D3-BF4B-00C04F79EFBC}") = "RESS.Services", "RESS.Services\RESS.Services.csproj", "{C278FE3E-1204-4BD1-80D9-610FFBF5681B}"
EndProject
Global
	GlobalSection(SolutionConfigurationPlatforms) = preSolution
		Debug|Any CPU = Debug|Any CPU
		Release|Any CPU = Release|Any CPU
	EndGlobalSection
	GlobalSection(ProjectConfigurationPlatforms) = postSolution
		{F9F5B376-AEA5-4191-937F-B32A0DF4C9CA}.Debug|Any CPU.ActiveCfg = Debug|Any CPU
		{F9F5B376-AEA5-4191-937F-B32A0DF4C9CA}.Debug|Any CPU.Build.0 = Debug|Any CPU
		{F9F5B376-AEA5-4191-937F-B32A0DF4C9CA}.Release|Any CPU.ActiveCfg = Release|Any CPU
		{F9F5B376-AEA5-4191-937F-B32A0DF4C9CA}.Release|Any CPU.Build.0 = Release|Any CPU
		{D3585325-1DA0-449E-9A6B-89922A0513C8}.Debug|Any CPU.ActiveCfg = Debug|Any CPU
		{D3585325-1DA0-449E-9A6B-89922A0513C8}.Debug|Any CPU.Build.0 = Debug|Any CPU
		{D3585325-1DA0-449E-9A6B-89922A0513C8}.Release|Any CPU.ActiveCfg = Release|Any CPU
		{D3585325-1DA0-449E-9A6B-89922A0513C8}.Release|Any CPU.Build.0 = Release|Any CPU
		{9B4455DF-22DE-4454-B86E-A34CD453B1CA}.Debug|Any CPU.ActiveCfg = Debug|Any CPU
		{9B4455DF-22DE-4454-B86E-A34CD453B1CA}.Debug|Any CPU.Build.0 = Debug|Any CPU
		{9B4455DF-22DE-4454-B86E-A34CD453B1CA}.Release|Any CPU.ActiveCfg = Release|Any CPU
		{9B4455DF-22DE-4454-B86E-A34CD453B1CA}.Release|Any CPU.Build.0 = Release|Any CPU
		{A877A4A0-C852-4391-BB82-F598F6F0D721}.Debug|Any CPU.ActiveCfg = Debug|Any CPU
		{A877A4A0-C852-4391-BB82-F598F6F0D721}.Debug|Any CPU.Build.0 = Debug|Any CPU
		{A877A4A0-C852-4391-BB82-F598F6F0D721}.Release|Any CPU.ActiveCfg = Release|Any CPU
		{A877A4A0-C852-4391-BB82-F598F6F0D721}.Release|Any CPU.Build.0 = Release|Any CPU
		{C278FE3E-1204-4BD1-80D9-610FFBF5681B}.Debug|Any CPU.ActiveCfg = Debug|Any CPU
		{C278FE3E-1204-4BD1-80D9-610FFBF5681B}.Debug|Any CPU.Build.0 = Debug|Any CPU
		{C278FE3E-1204-4BD1-80D9-610FFBF5681B}.Release|Any CPU.ActiveCfg = Release|Any CPU
		{C278FE3E-1204-4BD1-80D9-610FFBF5681B}.Release|Any CPU.Build.0 = Release|Any CPU
	EndGlobalSection
	GlobalSection(SolutionProperties) = preSolution
		HideSolutionNode = FALSE
	EndGlobalSection
	GlobalSection(ExtensibilityGlobals) = postSolution
		SolutionGuid = {0A860602-6DCB-411A-A767-85F8846A539A}
	EndGlobalSection
EndGlobal
